// !$*UTF8*$!
{
	archiveVersion = 1;
	classes = {
	};
	objectVersion = 55;
	objects = {

/* Begin PBXBuildFile section */
		84F3369EF82A961F29A9FEB5 /* Pods_SUCombineMVVM.framework in Frameworks */ = {isa = PBXBuildFile; fileRef = 124CCEF833BC182299167AF7 /* Pods_SUCombineMVVM.framework */; };
		C5ABB4972855A26D00C06156 /* SUCombineMVVMApp.swift in Sources */ = {isa = PBXBuildFile; fileRef = C5ABB4962855A26D00C06156 /* SUCombineMVVMApp.swift */; };
		C5ABB4992855A26D00C06156 /* ContentView.swift in Sources */ = {isa = PBXBuildFile; fileRef = C5ABB4982855A26D00C06156 /* ContentView.swift */; };
		C5ABB49B2855A26F00C06156 /* Assets.xcassets in Resources */ = {isa = PBXBuildFile; fileRef = C5ABB49A2855A26F00C06156 /* Assets.xcassets */; };
		C5ABB49E2855A26F00C06156 /* Preview Assets.xcassets in Resources */ = {isa = PBXBuildFile; fileRef = C5ABB49D2855A26F00C06156 /* Preview Assets.xcassets */; };
		C5ABB4A52855A67300C06156 /* NetworkManager.swift in Sources */ = {isa = PBXBuildFile; fileRef = C5ABB4A42855A67300C06156 /* NetworkManager.swift */; };
		C5ABB4A72858418700C06156 /* ModelPost.swift in Sources */ = {isa = PBXBuildFile; fileRef = C5ABB4A62858418700C06156 /* ModelPost.swift */; };
		C5ABB4A9285848D000C06156 /* ListViewModel.swift in Sources */ = {isa = PBXBuildFile; fileRef = C5ABB4A8285848D000C06156 /* ListViewModel.swift */; };
		C5ABB4AD285CF36400C06156 /* Credentials.swift in Sources */ = {isa = PBXBuildFile; fileRef = C5ABB4AC285CF36400C06156 /* Credentials.swift */; };
		C5ABB4B2285CF6CF00C06156 /* HerosHomeViewModel.swift in Sources */ = {isa = PBXBuildFile; fileRef = C5ABB4B1285CF6CF00C06156 /* HerosHomeViewModel.swift */; };
		C5ABB4B4285CF6EA00C06156 /* HerosHomeView.swift in Sources */ = {isa = PBXBuildFile; fileRef = C5ABB4B3285CF6EA00C06156 /* HerosHomeView.swift */; };
		C5ABB4B6285D7C7B00C06156 /* HeroView.swift in Sources */ = {isa = PBXBuildFile; fileRef = C5ABB4B5285D7C7B00C06156 /* HeroView.swift */; };
		C5ABB4B9286032BB00C06156 /* WebView.swift in Sources */ = {isa = PBXBuildFile; fileRef = C5ABB4B8286032BB00C06156 /* WebView.swift */; };
		C5ABB4BB2860368200C06156 /* ComicsView.swift in Sources */ = {isa = PBXBuildFile; fileRef = C5ABB4BA2860368200C06156 /* ComicsView.swift */; };
		C5ABB4BD286036A200C06156 /* Comic.swift in Sources */ = {isa = PBXBuildFile; fileRef = C5ABB4BC286036A200C06156 /* Comic.swift */; };
/* End PBXBuildFile section */

/* Begin PBXFileReference section */
		124CCEF833BC182299167AF7 /* Pods_SUCombineMVVM.framework */ = {isa = PBXFileReference; explicitFileType = wrapper.framework; includeInIndex = 0; path = Pods_SUCombineMVVM.framework; sourceTree = BUILT_PRODUCTS_DIR; };
		4C5018D788F7A8AD04368A94 /* Pods-SUCombineMVVM.debug.xcconfig */ = {isa = PBXFileReference; includeInIndex = 1; lastKnownFileType = text.xcconfig; name = "Pods-SUCombineMVVM.debug.xcconfig"; path = "Target Support Files/Pods-SUCombineMVVM/Pods-SUCombineMVVM.debug.xcconfig"; sourceTree = "<group>"; };
		A014C9AE790765DECCB24FD3 /* Pods-SUCombineMVVM.release.xcconfig */ = {isa = PBXFileReference; includeInIndex = 1; lastKnownFileType = text.xcconfig; name = "Pods-SUCombineMVVM.release.xcconfig"; path = "Target Support Files/Pods-SUCombineMVVM/Pods-SUCombineMVVM.release.xcconfig"; sourceTree = "<group>"; };
		C5ABB4932855A26D00C06156 /* SUCombineMVVM.app */ = {isa = PBXFileReference; explicitFileType = wrapper.application; includeInIndex = 0; path = SUCombineMVVM.app; sourceTree = BUILT_PRODUCTS_DIR; };
		C5ABB4962855A26D00C06156 /* SUCombineMVVMApp.swift */ = {isa = PBXFileReference; lastKnownFileType = sourcecode.swift; path = SUCombineMVVMApp.swift; sourceTree = "<group>"; };
		C5ABB4982855A26D00C06156 /* ContentView.swift */ = {isa = PBXFileReference; lastKnownFileType = sourcecode.swift; path = ContentView.swift; sourceTree = "<group>"; };
		C5ABB49A2855A26F00C06156 /* Assets.xcassets */ = {isa = PBXFileReference; lastKnownFileType = folder.assetcatalog; path = Assets.xcassets; sourceTree = "<group>"; };
		C5ABB49D2855A26F00C06156 /* Preview Assets.xcassets */ = {isa = PBXFileReference; lastKnownFileType = folder.assetcatalog; path = "Preview Assets.xcassets"; sourceTree = "<group>"; };
		C5ABB4A42855A67300C06156 /* NetworkManager.swift */ = {isa = PBXFileReference; lastKnownFileType = sourcecode.swift; path = NetworkManager.swift; sourceTree = "<group>"; };
		C5ABB4A62858418700C06156 /* ModelPost.swift */ = {isa = PBXFileReference; lastKnownFileType = sourcecode.swift; path = ModelPost.swift; sourceTree = "<group>"; };
		C5ABB4A8285848D000C06156 /* ListViewModel.swift */ = {isa = PBXFileReference; lastKnownFileType = sourcecode.swift; path = ListViewModel.swift; sourceTree = "<group>"; };
		C5ABB4AC285CF36400C06156 /* Credentials.swift */ = {isa = PBXFileReference; lastKnownFileType = sourcecode.swift; path = Credentials.swift; sourceTree = "<group>"; };
		C5ABB4B1285CF6CF00C06156 /* HerosHomeViewModel.swift */ = {isa = PBXFileReference; lastKnownFileType = sourcecode.swift; path = HerosHomeViewModel.swift; sourceTree = "<group>"; };
		C5ABB4B3285CF6EA00C06156 /* HerosHomeView.swift */ = {isa = PBXFileReference; lastKnownFileType = sourcecode.swift; path = HerosHomeView.swift; sourceTree = "<group>"; };
		C5ABB4B5285D7C7B00C06156 /* HeroView.swift */ = {isa = PBXFileReference; lastKnownFileType = sourcecode.swift; path = HeroView.swift; sourceTree = "<group>"; };
		C5ABB4B7286031B900C06156 /* Info.plist */ = {isa = PBXFileReference; lastKnownFileType = text.plist; path = Info.plist; sourceTree = "<group>"; };
		C5ABB4B8286032BB00C06156 /* WebView.swift */ = {isa = PBXFileReference; lastKnownFileType = sourcecode.swift; path = WebView.swift; sourceTree = "<group>"; };
		C5ABB4BA2860368200C06156 /* ComicsView.swift */ = {isa = PBXFileReference; lastKnownFileType = sourcecode.swift; path = ComicsView.swift; sourceTree = "<group>"; };
		C5ABB4BC286036A200C06156 /* Comic.swift */ = {isa = PBXFileReference; lastKnownFileType = sourcecode.swift; path = Comic.swift; sourceTree = "<group>"; };
/* End PBXFileReference section */

/* Begin PBXFrameworksBuildPhase section */
		C5ABB4902855A26D00C06156 /* Frameworks */ = {
			isa = PBXFrameworksBuildPhase;
			buildActionMask = 2147483647;
			files = (
				84F3369EF82A961F29A9FEB5 /* Pods_SUCombineMVVM.framework in Frameworks */,
			);
			runOnlyForDeploymentPostprocessing = 0;
		};
/* End PBXFrameworksBuildPhase section */

/* Begin PBXGroup section */
		BAB2BED29262E37C2D685EBF /* Pods */ = {
			isa = PBXGroup;
			children = (
				4C5018D788F7A8AD04368A94 /* Pods-SUCombineMVVM.debug.xcconfig */,
				A014C9AE790765DECCB24FD3 /* Pods-SUCombineMVVM.release.xcconfig */,
			);
			path = Pods;
			sourceTree = "<group>";
		};
		C5ABB48A2855A26D00C06156 = {
			isa = PBXGroup;
			children = (
				C5ABB4952855A26D00C06156 /* SUCombineMVVM */,
				C5ABB4942855A26D00C06156 /* Products */,
				BAB2BED29262E37C2D685EBF /* Pods */,
				F409A4D8D20C299696FF4798 /* Frameworks */,
			);
			sourceTree = "<group>";
		};
		C5ABB4942855A26D00C06156 /* Products */ = {
			isa = PBXGroup;
			children = (
				C5ABB4932855A26D00C06156 /* SUCombineMVVM.app */,
			);
			name = Products;
			sourceTree = "<group>";
		};
		C5ABB4952855A26D00C06156 /* SUCombineMVVM */ = {
			isa = PBXGroup;
			children = (
				C5ABB4B7286031B900C06156 /* Info.plist */,
				C5ABB4AC285CF36400C06156 /* Credentials.swift */,
				C5ABB4B0285CF42A00C06156 /* Model */,
				C5ABB4AE285CF41A00C06156 /* View */,
				C5ABB4AF285CF42100C06156 /* ViewModel */,
				C5ABB4962855A26D00C06156 /* SUCombineMVVMApp.swift */,
				C5ABB4982855A26D00C06156 /* ContentView.swift */,
				C5ABB4A42855A67300C06156 /* NetworkManager.swift */,
				C5ABB4A8285848D000C06156 /* ListViewModel.swift */,
				C5ABB49A2855A26F00C06156 /* Assets.xcassets */,
				C5ABB49C2855A26F00C06156 /* Preview Content */,
			);
			path = SUCombineMVVM;
			sourceTree = "<group>";
		};
		C5ABB49C2855A26F00C06156 /* Preview Content */ = {
			isa = PBXGroup;
			children = (
				C5ABB49D2855A26F00C06156 /* Preview Assets.xcassets */,
			);
			path = "Preview Content";
			sourceTree = "<group>";
		};
		C5ABB4AE285CF41A00C06156 /* View */ = {
			isa = PBXGroup;
			children = (
				C5ABB4B3285CF6EA00C06156 /* HerosHomeView.swift */,
				C5ABB4B5285D7C7B00C06156 /* HeroView.swift */,
				C5ABB4B8286032BB00C06156 /* WebView.swift */,
				C5ABB4BA2860368200C06156 /* ComicsView.swift */,
			);
			path = View;
			sourceTree = "<group>";
		};
		C5ABB4AF285CF42100C06156 /* ViewModel */ = {
			isa = PBXGroup;
			children = (
				C5ABB4B1285CF6CF00C06156 /* HerosHomeViewModel.swift */,
			);
			path = ViewModel;
			sourceTree = "<group>";
		};
		C5ABB4B0285CF42A00C06156 /* Model */ = {
			isa = PBXGroup;
			children = (
				C5ABB4A62858418700C06156 /* ModelPost.swift */,
				C5ABB4BC286036A200C06156 /* Comic.swift */,
			);
			path = Model;
			sourceTree = "<group>";
		};
		F409A4D8D20C299696FF4798 /* Frameworks */ = {
			isa = PBXGroup;
			children = (
				124CCEF833BC182299167AF7 /* Pods_SUCombineMVVM.framework */,
			);
			name = Frameworks;
			sourceTree = "<group>";
		};
/* End PBXGroup section */

/* Begin PBXNativeTarget section */
		C5ABB4922855A26D00C06156 /* SUCombineMVVM */ = {
			isa = PBXNativeTarget;
			buildConfigurationList = C5ABB4A12855A26F00C06156 /* Build configuration list for PBXNativeTarget "SUCombineMVVM" */;
			buildPhases = (
				B01E55C861D23EB132D9E252 /* [CP] Check Pods Manifest.lock */,
				C5ABB48F2855A26D00C06156 /* Sources */,
				C5ABB4902855A26D00C06156 /* Frameworks */,
				C5ABB4912855A26D00C06156 /* Resources */,
				D5A70C2FAC7E0227891B7F53 /* [CP] Embed Pods Frameworks */,
			);
			buildRules = (
			);
			dependencies = (
			);
			name = SUCombineMVVM;
			productName = SUCombineMVVM;
			productReference = C5ABB4932855A26D00C06156 /* SUCombineMVVM.app */;
			productType = "com.apple.product-type.application";
		};
/* End PBXNativeTarget section */

/* Begin PBXProject section */
		C5ABB48B2855A26D00C06156 /* Project object */ = {
			isa = PBXProject;
			attributes = {
				BuildIndependentTargetsInParallel = 1;
				LastSwiftUpdateCheck = 1320;
				LastUpgradeCheck = 1320;
				TargetAttributes = {
					C5ABB4922855A26D00C06156 = {
						CreatedOnToolsVersion = 13.2.1;
					};
				};
			};
			buildConfigurationList = C5ABB48E2855A26D00C06156 /* Build configuration list for PBXProject "SUCombineMVVM" */;
			compatibilityVersion = "Xcode 13.0";
			developmentRegion = en;
			hasScannedForEncodings = 0;
			knownRegions = (
				en,
				Base,
			);
			mainGroup = C5ABB48A2855A26D00C06156;
			productRefGroup = C5ABB4942855A26D00C06156 /* Products */;
			projectDirPath = "";
			projectRoot = "";
			targets = (
				C5ABB4922855A26D00C06156 /* SUCombineMVVM */,
			);
		};
/* End PBXProject section */

/* Begin PBXResourcesBuildPhase section */
		C5ABB4912855A26D00C06156 /* Resources */ = {
			isa = PBXResourcesBuildPhase;
			buildActionMask = 2147483647;
			files = (
				C5ABB49E2855A26F00C06156 /* Preview Assets.xcassets in Resources */,
				C5ABB49B2855A26F00C06156 /* Assets.xcassets in Resources */,
			);
			runOnlyForDeploymentPostprocessing = 0;
		};
/* End PBXResourcesBuildPhase section */

/* Begin PBXShellScriptBuildPhase section */
		B01E55C861D23EB132D9E252 /* [CP] Check Pods Manifest.lock */ = {
			isa = PBXShellScriptBuildPhase;
			buildActionMask = 2147483647;
			files = (
			);
			inputFileListPaths = (
			);
			inputPaths = (
				"${PODS_PODFILE_DIR_PATH}/Podfile.lock",
				"${PODS_ROOT}/Manifest.lock",
			);
			name = "[CP] Check Pods Manifest.lock";
			outputFileListPaths = (
			);
			outputPaths = (
				"$(DERIVED_FILE_DIR)/Pods-SUCombineMVVM-checkManifestLockResult.txt",
			);
			runOnlyForDeploymentPostprocessing = 0;
			shellPath = /bin/sh;
			shellScript = "diff \"${PODS_PODFILE_DIR_PATH}/Podfile.lock\" \"${PODS_ROOT}/Manifest.lock\" > /dev/null\nif [ $? != 0 ] ; then\n    # print error to STDERR\n    echo \"error: The sandbox is not in sync with the Podfile.lock. Run 'pod install' or update your CocoaPods installation.\" >&2\n    exit 1\nfi\n# This output is used by Xcode 'outputs' to avoid re-running this script phase.\necho \"SUCCESS\" > \"${SCRIPT_OUTPUT_FILE_0}\"\n";
			showEnvVarsInLog = 0;
		};
		D5A70C2FAC7E0227891B7F53 /* [CP] Embed Pods Frameworks */ = {
			isa = PBXShellScriptBuildPhase;
			buildActionMask = 2147483647;
			files = (
			);
			inputFileListPaths = (
				"${PODS_ROOT}/Target Support Files/Pods-SUCombineMVVM/Pods-SUCombineMVVM-frameworks-${CONFIGURATION}-input-files.xcfilelist",
			);
			name = "[CP] Embed Pods Frameworks";
			outputFileListPaths = (
				"${PODS_ROOT}/Target Support Files/Pods-SUCombineMVVM/Pods-SUCombineMVVM-frameworks-${CONFIGURATION}-output-files.xcfilelist",
			);
			runOnlyForDeploymentPostprocessing = 0;
			shellPath = /bin/sh;
			shellScript = "\"${PODS_ROOT}/Target Support Files/Pods-SUCombineMVVM/Pods-SUCombineMVVM-frameworks.sh\"\n";
			showEnvVarsInLog = 0;
		};
/* End PBXShellScriptBuildPhase section */

/* Begin PBXSourcesBuildPhase section */
		C5ABB48F2855A26D00C06156 /* Sources */ = {
			isa = PBXSourcesBuildPhase;
			buildActionMask = 2147483647;
			files = (
				C5ABB4AD285CF36400C06156 /* Credentials.swift in Sources */,
				C5ABB4BD286036A200C06156 /* Comic.swift in Sources */,
				C5ABB4B9286032BB00C06156 /* WebView.swift in Sources */,
				C5ABB4A9285848D000C06156 /* ListViewModel.swift in Sources */,
				C5ABB4B6285D7C7B00C06156 /* HeroView.swift in Sources */,
				C5ABB4A52855A67300C06156 /* NetworkManager.swift in Sources */,
				C5ABB4B4285CF6EA00C06156 /* HerosHomeView.swift in Sources */,
				C5ABB4BB2860368200C06156 /* ComicsView.swift in Sources */,
				C5ABB4A72858418700C06156 /* ModelPost.swift in Sources */,
				C5ABB4992855A26D00C06156 /* ContentView.swift in Sources */,
				C5ABB4B2285CF6CF00C06156 /* HerosHomeViewModel.swift in Sources */,
				C5ABB4972855A26D00C06156 /* SUCombineMVVMApp.swift in Sources */,
			);
			runOnlyForDeploymentPostprocessing = 0;
		};
/* End PBXSourcesBuildPhase section */

/* Begin XCBuildConfiguration section */
		C5ABB49F2855A26F00C06156 /* Debug */ = {
			isa = XCBuildConfiguration;
			buildSettings = {
				ALWAYS_SEARCH_USER_PATHS = NO;
				CLANG_ANALYZER_NONNULL = YES;
				CLANG_ANALYZER_NUMBER_OBJECT_CONVERSION = YES_AGGRESSIVE;
				CLANG_CXX_LANGUAGE_STANDARD = "gnu++17";
				CLANG_CXX_LIBRARY = "libc++";
				CLANG_ENABLE_MODULES = YES;
				CLANG_ENABLE_OBJC_ARC = YES;
				CLANG_ENABLE_OBJC_WEAK = YES;
				CLANG_WARN_BLOCK_CAPTURE_AUTORELEASING = YES;
				CLANG_WARN_BOOL_CONVERSION = YES;
				CLANG_WARN_COMMA = YES;
				CLANG_WARN_CONSTANT_CONVERSION = YES;
				CLANG_WARN_DEPRECATED_OBJC_IMPLEMENTATIONS = YES;
				CLANG_WARN_DIRECT_OBJC_ISA_USAGE = YES_ERROR;
				CLANG_WARN_DOCUMENTATION_COMMENTS = YES;
				CLANG_WARN_EMPTY_BODY = YES;
				CLANG_WARN_ENUM_CONVERSION = YES;
				CLANG_WARN_INFINITE_RECURSION = YES;
				CLANG_WARN_INT_CONVERSION = YES;
				CLANG_WARN_NON_LITERAL_NULL_CONVERSION = YES;
				CLANG_WARN_OBJC_IMPLICIT_RETAIN_SELF = YES;
				CLANG_WARN_OBJC_LITERAL_CONVERSION = YES;
				CLANG_WARN_OBJC_ROOT_CLASS = YES_ERROR;
				CLANG_WARN_QUOTED_INCLUDE_IN_FRAMEWORK_HEADER = YES;
				CLANG_WARN_RANGE_LOOP_ANALYSIS = YES;
				CLANG_WARN_STRICT_PROTOTYPES = YES;
				CLANG_WARN_SUSPICIOUS_MOVE = YES;
				CLANG_WARN_UNGUARDED_AVAILABILITY = YES_AGGRESSIVE;
				CLANG_WARN_UNREACHABLE_CODE = YES;
				CLANG_WARN__DUPLICATE_METHOD_MATCH = YES;
				COPY_PHASE_STRIP = NO;
				DEBUG_INFORMATION_FORMAT = dwarf;
				ENABLE_STRICT_OBJC_MSGSEND = YES;
				ENABLE_TESTABILITY = YES;
				GCC_C_LANGUAGE_STANDARD = gnu11;
				GCC_DYNAMIC_NO_PIC = NO;
				GCC_NO_COMMON_BLOCKS = YES;
				GCC_OPTIMIZATION_LEVEL = 0;
				GCC_PREPROCESSOR_DEFINITIONS = (
					"DEBUG=1",
					"$(inherited)",
				);
				GCC_WARN_64_TO_32_BIT_CONVERSION = YES;
				GCC_WARN_ABOUT_RETURN_TYPE = YES_ERROR;
				GCC_WARN_UNDECLARED_SELECTOR = YES;
				GCC_WARN_UNINITIALIZED_AUTOS = YES_AGGRESSIVE;
				GCC_WARN_UNUSED_FUNCTION = YES;
				GCC_WARN_UNUSED_VARIABLE = YES;
				IPHONEOS_DEPLOYMENT_TARGET = 15.2;
				MTL_ENABLE_DEBUG_INFO = INCLUDE_SOURCE;
				MTL_FAST_MATH = YES;
				ONLY_ACTIVE_ARCH = YES;
				SDKROOT = iphoneos;
				SWIFT_ACTIVE_COMPILATION_CONDITIONS = DEBUG;
				SWIFT_OPTIMIZATION_LEVEL = "-Onone";
			};
			name = Debug;
		};
		C5ABB4A02855A26F00C06156 /* Release */ = {
			isa = XCBuildConfiguration;
			buildSettings = {
				ALWAYS_SEARCH_USER_PATHS = NO;
				CLANG_ANALYZER_NONNULL = YES;
				CLANG_ANALYZER_NUMBER_OBJECT_CONVERSION = YES_AGGRESSIVE;
				CLANG_CXX_LANGUAGE_STANDARD = "gnu++17";
				CLANG_CXX_LIBRARY = "libc++";
				CLANG_ENABLE_MODULES = YES;
				CLANG_ENABLE_OBJC_ARC = YES;
				CLANG_ENABLE_OBJC_WEAK = YES;
				CLANG_WARN_BLOCK_CAPTURE_AUTORELEASING = YES;
				CLANG_WARN_BOOL_CONVERSION = YES;
				CLANG_WARN_COMMA = YES;
				CLANG_WARN_CONSTANT_CONVERSION = YES;
				CLANG_WARN_DEPRECATED_OBJC_IMPLEMENTATIONS = YES;
				CLANG_WARN_DIRECT_OBJC_ISA_USAGE = YES_ERROR;
				CLANG_WARN_DOCUMENTATION_COMMENTS = YES;
				CLANG_WARN_EMPTY_BODY = YES;
				CLANG_WARN_ENUM_CONVERSION = YES;
				CLANG_WARN_INFINITE_RECURSION = YES;
				CLANG_WARN_INT_CONVERSION = YES;
				CLANG_WARN_NON_LITERAL_NULL_CONVERSION = YES;
				CLANG_WARN_OBJC_IMPLICIT_RETAIN_SELF = YES;
				CLANG_WARN_OBJC_LITERAL_CONVERSION = YES;
				CLANG_WARN_OBJC_ROOT_CLASS = YES_ERROR;
				CLANG_WARN_QUOTED_INCLUDE_IN_FRAMEWORK_HEADER = YES;
				CLANG_WARN_RANGE_LOOP_ANALYSIS = YES;
				CLANG_WARN_STRICT_PROTOTYPES = YES;
				CLANG_WARN_SUSPICIOUS_MOVE = YES;
				CLANG_WARN_UNGUARDED_AVAILABILITY = YES_AGGRESSIVE;
				CLANG_WARN_UNREACHABLE_CODE = YES;
				CLANG_WARN__DUPLICATE_METHOD_MATCH = YES;
				COPY_PHASE_STRIP = NO;
				DEBUG_INFORMATION_FORMAT = "dwarf-with-dsym";
				ENABLE_NS_ASSERTIONS = NO;
				ENABLE_STRICT_OBJC_MSGSEND = YES;
				GCC_C_LANGUAGE_STANDARD = gnu11;
				GCC_NO_COMMON_BLOCKS = YES;
				GCC_WARN_64_TO_32_BIT_CONVERSION = YES;
				GCC_WARN_ABOUT_RETURN_TYPE = YES_ERROR;
				GCC_WARN_UNDECLARED_SELECTOR = YES;
				GCC_WARN_UNINITIALIZED_AUTOS = YES_AGGRESSIVE;
				GCC_WARN_UNUSED_FUNCTION = YES;
				GCC_WARN_UNUSED_VARIABLE = YES;
				IPHONEOS_DEPLOYMENT_TARGET = 15.2;
				MTL_ENABLE_DEBUG_INFO = NO;
				MTL_FAST_MATH = YES;
				SDKROOT = iphoneos;
				SWIFT_COMPILATION_MODE = wholemodule;
				SWIFT_OPTIMIZATION_LEVEL = "-O";
				VALIDATE_PRODUCT = YES;
			};
			name = Release;
		};
		C5ABB4A22855A26F00C06156 /* Debug */ = {
			isa = XCBuildConfiguration;
			baseConfigurationReference = 4C5018D788F7A8AD04368A94 /* Pods-SUCombineMVVM.debug.xcconfig */;
			buildSettings = {
				ASSETCATALOG_COMPILER_APPICON_NAME = AppIcon;
				ASSETCATALOG_COMPILER_GLOBAL_ACCENT_COLOR_NAME = AccentColor;
				CODE_SIGN_STYLE = Automatic;
				CURRENT_PROJECT_VERSION = 1;
				DEVELOPMENT_ASSET_PATHS = "\"SUCombineMVVM/Preview Content\"";
				DEVELOPMENT_TEAM = 75UV9J33HN;
				ENABLE_PREVIEWS = YES;
				GENERATE_INFOPLIST_FILE = YES;
				INFOPLIST_FILE = SUCombineMVVM/Info.plist;
				INFOPLIST_KEY_UIApplicationSceneManifest_Generation = YES;
				INFOPLIST_KEY_UIApplicationSupportsIndirectInputEvents = YES;
				INFOPLIST_KEY_UILaunchScreen_Generation = YES;
				INFOPLIST_KEY_UISupportedInterfaceOrientations_iPad = "UIInterfaceOrientationPortrait UIInterfaceOrientationPortraitUpsideDown UIInterfaceOrientationLandscapeLeft UIInterfaceOrientationLandscapeRight";
				INFOPLIST_KEY_UISupportedInterfaceOrientations_iPhone = "UIInterfaceOrientationPortrait UIInterfaceOrientationLandscapeLeft UIInterfaceOrientationLandscapeRight";
				LD_RUNPATH_SEARCH_PATHS = (
					"$(inherited)",
					"@executable_path/Frameworks",
				);
				MARKETING_VERSION = 1.0;
				PRODUCT_BUNDLE_IDENTIFIER = com.maurzac.SUCombineMVVM;
				PRODUCT_NAME = "$(TARGET_NAME)";
				SWIFT_EMIT_LOC_STRINGS = YES;
				SWIFT_VERSION = 5.0;
				TARGETED_DEVICE_FAMILY = "1,2";
			};
			name = Debug;
		};
		C5ABB4A32855A26F00C06156 /* Release */ = {
			isa = XCBuildConfiguration;
			baseConfigurationReference = A014C9AE790765DECCB24FD3 /* Pods-SUCombineMVVM.release.xcconfig */;
			buildSettings = {
				ASSETCATALOG_COMPILER_APPICON_NAME = AppIcon;
				ASSETCATALOG_COMPILER_GLOBAL_ACCENT_COLOR_NAME = AccentColor;
				CODE_SIGN_STYLE = Automatic;
				CURRENT_PROJECT_VERSION = 1;
				DEVELOPMENT_ASSET_PATHS = "\"SUCombineMVVM/Preview Content\"";
				DEVELOPMENT_TEAM = 75UV9J33HN;
				ENABLE_PREVIEWS = YES;
				GENERATE_INFOPLIST_FILE = YES;
				INFOPLIST_FILE = SUCombineMVVM/Info.plist;
				INFOPLIST_KEY_UIApplicationSceneManifest_Generation = YES;
				INFOPLIST_KEY_UIApplicationSupportsIndirectInputEvents = YES;
				INFOPLIST_KEY_UILaunchScreen_Generation = YES;
				INFOPLIST_KEY_UISupportedInterfaceOrientations_iPad = "UIInterfaceOrientationPortrait UIInterfaceOrientationPortraitUpsideDown UIInterfaceOrientationLandscapeLeft UIInterfaceOrientationLandscapeRight";
				INFOPLIST_KEY_UISupportedInterfaceOrientations_iPhone = "UIInterfaceOrientationPortrait UIInterfaceOrientationLandscapeLeft UIInterfaceOrientationLandscapeRight";
				LD_RUNPATH_SEARCH_PATHS = (
					"$(inherited)",
					"@executable_path/Frameworks",
				);
				MARKETING_VERSION = 1.0;
				PRODUCT_BUNDLE_IDENTIFIER = com.maurzac.SUCombineMVVM;
				PRODUCT_NAME = "$(TARGET_NAME)";
				SWIFT_EMIT_LOC_STRINGS = YES;
				SWIFT_VERSION = 5.0;
				TARGETED_DEVICE_FAMILY = "1,2";
			};
			name = Release;
		};
/* End XCBuildConfiguration section */

/* Begin XCConfigurationList section */
		C5ABB48E2855A26D00C06156 /* Build configuration list for PBXProject "SUCombineMVVM" */ = {
			isa = XCConfigurationList;
			buildConfigurations = (
				C5ABB49F2855A26F00C06156 /* Debug */,
				C5ABB4A02855A26F00C06156 /* Release */,
			);
			defaultConfigurationIsVisible = 0;
			defaultConfigurationName = Release;
		};
		C5ABB4A12855A26F00C06156 /* Build configuration list for PBXNativeTarget "SUCombineMVVM" */ = {
			isa = XCConfigurationList;
			buildConfigurations = (
				C5ABB4A22855A26F00C06156 /* Debug */,
				C5ABB4A32855A26F00C06156 /* Release */,
			);
			defaultConfigurationIsVisible = 0;
			defaultConfigurationName = Release;
		};
/* End XCConfigurationList section */
	};
	rootObject = C5ABB48B2855A26D00C06156 /* Project object */;
}
